
Microsoft Visual Studio Solution File, Format Version 12.00
# Visual Studio Version 17
VisualStudioVersion = 17.3.32804.467
MinimumVisualStudioVersion = 10.0.40219.1
Project("{9A19103F-16F7-4668-BE54-9A1E7A4F7556}") = "AlpaTabApi", "AlpaTabApi.csproj", "{9F753714-A893-4175-AE48-36F412FEBE67}"
EndProject
Project("{FAE04EC0-301F-11D3-BF4B-00C04F79EFBC}") = "AlpaTabApi.Tests", "..\AlpaTabApi.Tests\AlpaTabApi.Tests.csproj", "{762F2593-364E-46AB-98D3-39ACB1C82242}"
EndProject
Global
	GlobalSection(SolutionConfigurationPlatforms) = preSolution
		Debug|Any CPU = Debug|Any CPU
		Release|Any CPU = Release|Any CPU
	EndGlobalSection
	GlobalSection(ProjectConfigurationPlatforms) = postSolution
		{9F753714-A893-4175-AE48-36F412FEBE67}.Debug|Any CPU.ActiveCfg = Debug|Any CPU
		{9F753714-A893-4175-AE48-36F412FEBE67}.Debug|Any CPU.Build.0 = Debug|Any CPU
		{9F753714-A893-4175-AE48-36F412FEBE67}.Release|Any CPU.ActiveCfg = Release|Any CPU
		{9F753714-A893-4175-AE48-36F412FEBE67}.Release|Any CPU.Build.0 = Release|Any CPU
		{762F2593-364E-46AB-98D3-39ACB1C82242}.Debug|Any CPU.ActiveCfg = Debug|Any CPU
		{762F2593-364E-46AB-98D3-39ACB1C82242}.Debug|Any CPU.Build.0 = Debug|Any CPU
		{762F2593-364E-46AB-98D3-39ACB1C82242}.Release|Any CPU.ActiveCfg = Release|Any CPU
		{762F2593-364E-46AB-98D3-39ACB1C82242}.Release|Any CPU.Build.0 = Release|Any CPU
	EndGlobalSection
	GlobalSection(SolutionProperties) = preSolution
		HideSolutionNode = FALSE
	EndGlobalSection
	GlobalSection(ExtensibilityGlobals) = postSolution
		SolutionGuid = {3763431F-55FD-4233-A7F7-0B4F1C4D5C8E}
	EndGlobalSection
EndGlobal
